apiVersion: vendir.k14s.io/v1alpha1
directories:
- contents:
  - git:
      commitTitle: Create final release
      sha: 847aac3a0a2e04153965adf76d73ff64dfbdd2c5
    path: log-cache
  - git:
      commitTitle: Add influxdb plugin
      sha: 4e8bc1c0628333cd2b76321ce1483698f178f1d1
    path: cf-k8s-logging-fluent
  path: vendor
kind: LockConfig
